
Microsoft Visual Studio Solution File, Format Version 12.00
# Visual Studio Version 17
VisualStudioVersion = 17.9.34622.214
MinimumVisualStudioVersion = 10.0.40219.1
Project("{FAE04EC0-301F-11D3-BF4B-00C04F79EFBC}") = "EasyAccount", "EasyAccount.csproj", "{3A07590E-D0EE-4EA9-9801-29A429CC1ED7}"
EndProject
Global
	GlobalSection(SolutionConfigurationPlatforms) = preSolution
		Debug|Any CPU = Debug|Any CPU
		Release|Any CPU = Release|Any CPU
	EndGlobalSection
	GlobalSection(ProjectConfigurationPlatforms) = postSolution
		{3A07590E-D0EE-4EA9-9801-29A429CC1ED7}.Debug|Any CPU.ActiveCfg = Debug|Any CPU
		{3A07590E-D0EE-4EA9-9801-29A429CC1ED7}.Debug|Any CPU.Build.0 = Debug|Any CPU
		{3A07590E-D0EE-4EA9-9801-29A429CC1ED7}.Release|Any CPU.ActiveCfg = Release|Any CPU
		{3A07590E-D0EE-4EA9-9801-29A429CC1ED7}.Release|Any CPU.Build.0 = Release|Any CPU
	EndGlobalSection
	GlobalSection(SolutionProperties) = preSolution
		HideSolutionNode = FALSE
	EndGlobalSection
	GlobalSection(ExtensibilityGlobals) = postSolution
		SolutionGuid = {0E656925-810C-487B-8304-1BBD732377F1}
	EndGlobalSection
EndGlobal
